
Microsoft Visual Studio Solution File, Format Version 12.00
# Visual Studio Version 17
VisualStudioVersion = 17.14.36811.4
MinimumVisualStudioVersion = 10.0.40219.1
Project("{FAE04EC0-301F-11D3-BF4B-00C04F79EFBC}") = "MathCalculator_v3", "MathCalculator_v2\MathCalculator_v3.csproj", "{4064AA27-374D-4DF8-A4A9-FB744C6B30E6}"
EndProject
Global
	GlobalSection(SolutionConfigurationPlatforms) = preSolution
		Debug|Any CPU = Debug|Any CPU
		Release|Any CPU = Release|Any CPU
	EndGlobalSection
	GlobalSection(ProjectConfigurationPlatforms) = postSolution
		{4064AA27-374D-4DF8-A4A9-FB744C6B30E6}.Debug|Any CPU.ActiveCfg = Debug|Any CPU
		{4064AA27-374D-4DF8-A4A9-FB744C6B30E6}.Debug|Any CPU.Build.0 = Debug|Any CPU
		{4064AA27-374D-4DF8-A4A9-FB744C6B30E6}.Release|Any CPU.ActiveCfg = Release|Any CPU
		{4064AA27-374D-4DF8-A4A9-FB744C6B30E6}.Release|Any CPU.Build.0 = Release|Any CPU
	EndGlobalSection
	GlobalSection(SolutionProperties) = preSolution
		HideSolutionNode = FALSE
	EndGlobalSection
	GlobalSection(ExtensibilityGlobals) = postSolution
		SolutionGuid = {C0A0A724-A870-45D0-BF7B-CEE6421E90B5}
	EndGlobalSection
EndGlobal
